{
  "name": "script",
  "lockfileVersion": 3,
  "requires": true,
  "packages": {
    "": {
      "dependencies": {
        "@types/node": "^18.11.18",
        "typescript-cookie": "^1.0.4"
      }
    },
    "node_modules/@types/node": {
      "version": "18.11.18",
      "resolved": "https://registry.npmjs.org/@types/node/-/node-18.11.18.tgz",
      "integrity": "sha512-DHQpWGjyQKSHj3ebjFI/wRKcqQcdR+MoFBygntYOZytCqNfkd2ZC4ARDJ2DQqhjH5p85Nnd3jhUJIXrszFX/JA=="
    },
    "node_modules/typescript-cookie": {
      "version": "1.0.4",
      "resolved": "https://registry.npmjs.org/typescript-cookie/-/typescript-cookie-1.0.4.tgz",
      "integrity": "sha512-vZo252VmoEleD/dbE9Wb2lMK63V3M/8aqFbp2Pdb4Oxq8YqqADJ7iMh8THZenFXN+uZJPE8RXkztEaHkOptH4w==",
      "engines": {
        "node": ">=14"
      }
    }
  }
}
